// !$*UTF8*$!
{
	archiveVersion = 1;
	classes = {
	};
	objectVersion = 55;
	objects = {

/* Begin PBXBuildFile section */
		1452E39426C01713002855B8 /* StickyHeaderScrolllableTabsApp.swift in Sources */ = {isa = PBXBuildFile; fileRef = 1452E39326C01713002855B8 /* StickyHeaderScrolllableTabsApp.swift */; };
		1452E39626C01713002855B8 /* ContentView.swift in Sources */ = {isa = PBXBuildFile; fileRef = 1452E39526C01713002855B8 /* ContentView.swift */; };
		1452E39826C01716002855B8 /* Assets.xcassets in Resources */ = {isa = PBXBuildFile; fileRef = 1452E39726C01716002855B8 /* Assets.xcassets */; };
		1452E39B26C01716002855B8 /* Preview Assets.xcassets in Resources */ = {isa = PBXBuildFile; fileRef = 1452E39A26C01716002855B8 /* Preview Assets.xcassets */; };
		1452E3A726C01777002855B8 /* Home.swift in Sources */ = {isa = PBXBuildFile; fileRef = 1452E3A626C01777002855B8 /* Home.swift */; };
		1452E3A926C0184B002855B8 /* Food.swift in Sources */ = {isa = PBXBuildFile; fileRef = 1452E3A826C0184B002855B8 /* Food.swift */; };
		1452E3AB26C01CF2002855B8 /* CardView.swift in Sources */ = {isa = PBXBuildFile; fileRef = 1452E3AA26C01CF2002855B8 /* CardView.swift */; };
		1452E3AD26C01F10002855B8 /* HeaderView.swift in Sources */ = {isa = PBXBuildFile; fileRef = 1452E3AC26C01F10002855B8 /* HeaderView.swift */; };
		1452E3AF26C0281C002855B8 /* Tab.swift in Sources */ = {isa = PBXBuildFile; fileRef = 1452E3AE26C0281C002855B8 /* Tab.swift */; };
		14D2A2A026C0434B00E74EAD /* HomeViewModel.swift in Sources */ = {isa = PBXBuildFile; fileRef = 14D2A29F26C0434B00E74EAD /* HomeViewModel.swift */; };
/* End PBXBuildFile section */

/* Begin PBXFileReference section */
		1452E39026C01713002855B8 /* StickyHeaderScrolllableTabs.app */ = {isa = PBXFileReference; explicitFileType = wrapper.application; includeInIndex = 0; path = StickyHeaderScrolllableTabs.app; sourceTree = BUILT_PRODUCTS_DIR; };
		1452E39326C01713002855B8 /* StickyHeaderScrolllableTabsApp.swift */ = {isa = PBXFileReference; lastKnownFileType = sourcecode.swift; path = StickyHeaderScrolllableTabsApp.swift; sourceTree = "<group>"; };
		1452E39526C01713002855B8 /* ContentView.swift */ = {isa = PBXFileReference; lastKnownFileType = sourcecode.swift; path = ContentView.swift; sourceTree = "<group>"; };
		1452E39726C01716002855B8 /* Assets.xcassets */ = {isa = PBXFileReference; lastKnownFileType = folder.assetcatalog; path = Assets.xcassets; sourceTree = "<group>"; };
		1452E39A26C01716002855B8 /* Preview Assets.xcassets */ = {isa = PBXFileReference; lastKnownFileType = folder.assetcatalog; path = "Preview Assets.xcassets"; sourceTree = "<group>"; };
		1452E3A626C01777002855B8 /* Home.swift */ = {isa = PBXFileReference; lastKnownFileType = sourcecode.swift; path = Home.swift; sourceTree = "<group>"; };
		1452E3A826C0184B002855B8 /* Food.swift */ = {isa = PBXFileReference; lastKnownFileType = sourcecode.swift; path = Food.swift; sourceTree = "<group>"; };
		1452E3AA26C01CF2002855B8 /* CardView.swift */ = {isa = PBXFileReference; lastKnownFileType = sourcecode.swift; path = CardView.swift; sourceTree = "<group>"; };
		1452E3AC26C01F10002855B8 /* HeaderView.swift */ = {isa = PBXFileReference; lastKnownFileType = sourcecode.swift; path = HeaderView.swift; sourceTree = "<group>"; };
		1452E3AE26C0281C002855B8 /* Tab.swift */ = {isa = PBXFileReference; lastKnownFileType = sourcecode.swift; path = Tab.swift; sourceTree = "<group>"; };
		14D2A29F26C0434B00E74EAD /* HomeViewModel.swift */ = {isa = PBXFileReference; lastKnownFileType = sourcecode.swift; path = HomeViewModel.swift; sourceTree = "<group>"; };
/* End PBXFileReference section */

/* Begin PBXFrameworksBuildPhase section */
		1452E38D26C01713002855B8 /* Frameworks */ = {
			isa = PBXFrameworksBuildPhase;
			buildActionMask = 2147483647;
			files = (
			);
			runOnlyForDeploymentPostprocessing = 0;
		};
/* End PBXFrameworksBuildPhase section */

/* Begin PBXGroup section */
		1452E38726C01713002855B8 = {
			isa = PBXGroup;
			children = (
				1452E39226C01713002855B8 /* StickyHeaderScrolllableTabs */,
				1452E39126C01713002855B8 /* Products */,
			);
			sourceTree = "<group>";
		};
		1452E39126C01713002855B8 /* Products */ = {
			isa = PBXGroup;
			children = (
				1452E39026C01713002855B8 /* StickyHeaderScrolllableTabs.app */,
			);
			name = Products;
			sourceTree = "<group>";
		};
		1452E39226C01713002855B8 /* StickyHeaderScrolllableTabs */ = {
			isa = PBXGroup;
			children = (
				1452E3A326C01741002855B8 /* View */,
				1452E3A226C0173A002855B8 /* Model */,
				1452E3A126C01731002855B8 /* ViewModel */,
				1452E39326C01713002855B8 /* StickyHeaderScrolllableTabsApp.swift */,
				1452E39526C01713002855B8 /* ContentView.swift */,
				1452E39726C01716002855B8 /* Assets.xcassets */,
				1452E39926C01716002855B8 /* Preview Content */,
			);
			path = StickyHeaderScrolllableTabs;
			sourceTree = "<group>";
		};
		1452E39926C01716002855B8 /* Preview Content */ = {
			isa = PBXGroup;
			children = (
				1452E39A26C01716002855B8 /* Preview Assets.xcassets */,
			);
			path = "Preview Content";
			sourceTree = "<group>";
		};
		1452E3A126C01731002855B8 /* ViewModel */ = {
			isa = PBXGroup;
			children = (
				14D2A29F26C0434B00E74EAD /* HomeViewModel.swift */,
			);
			path = ViewModel;
			sourceTree = "<group>";
		};
		1452E3A226C0173A002855B8 /* Model */ = {
			isa = PBXGroup;
			children = (
				1452E3A826C0184B002855B8 /* Food.swift */,
				1452E3AE26C0281C002855B8 /* Tab.swift */,
			);
			path = Model;
			sourceTree = "<group>";
		};
		1452E3A326C01741002855B8 /* View */ = {
			isa = PBXGroup;
			children = (
				1452E3A626C01777002855B8 /* Home.swift */,
				1452E3AA26C01CF2002855B8 /* CardView.swift */,
				1452E3AC26C01F10002855B8 /* HeaderView.swift */,
			);
			path = View;
			sourceTree = "<group>";
		};
/* End PBXGroup section */

/* Begin PBXNativeTarget section */
		1452E38F26C01713002855B8 /* StickyHeaderScrolllableTabs */ = {
			isa = PBXNativeTarget;
			buildConfigurationList = 1452E39E26C01716002855B8 /* Build configuration list for PBXNativeTarget "StickyHeaderScrolllableTabs" */;
			buildPhases = (
				1452E38C26C01713002855B8 /* Sources */,
				1452E38D26C01713002855B8 /* Frameworks */,
				1452E38E26C01713002855B8 /* Resources */,
			);
			buildRules = (
			);
			dependencies = (
			);
			name = StickyHeaderScrolllableTabs;
			productName = StickyHeaderScrolllableTabs;
			productReference = 1452E39026C01713002855B8 /* StickyHeaderScrolllableTabs.app */;
			productType = "com.apple.product-type.application";
		};
/* End PBXNativeTarget section */

/* Begin PBXProject section */
		1452E38826C01713002855B8 /* Project object */ = {
			isa = PBXProject;
			attributes = {
				BuildIndependentTargetsInParallel = 1;
				LastSwiftUpdateCheck = 1300;
				LastUpgradeCheck = 1300;
				TargetAttributes = {
					1452E38F26C01713002855B8 = {
						CreatedOnToolsVersion = 13.0;
					};
				};
			};
			buildConfigurationList = 1452E38B26C01713002855B8 /* Build configuration list for PBXProject "StickyHeaderScrolllableTabs" */;
			compatibilityVersion = "Xcode 13.0";
			developmentRegion = en;
			hasScannedForEncodings = 0;
			knownRegions = (
				en,
				Base,
			);
			mainGroup = 1452E38726C01713002855B8;
			productRefGroup = 1452E39126C01713002855B8 /* Products */;
			projectDirPath = "";
			projectRoot = "";
			targets = (
				1452E38F26C01713002855B8 /* StickyHeaderScrolllableTabs */,
			);
		};
/* End PBXProject section */

/* Begin PBXResourcesBuildPhase section */
		1452E38E26C01713002855B8 /* Resources */ = {
			isa = PBXResourcesBuildPhase;
			buildActionMask = 2147483647;
			files = (
				1452E39B26C01716002855B8 /* Preview Assets.xcassets in Resources */,
				1452E39826C01716002855B8 /* Assets.xcassets in Resources */,
			);
			runOnlyForDeploymentPostprocessing = 0;
		};
/* End PBXResourcesBuildPhase section */

/* Begin PBXSourcesBuildPhase section */
		1452E38C26C01713002855B8 /* Sources */ = {
			isa = PBXSourcesBuildPhase;
			buildActionMask = 2147483647;
			files = (
				1452E39626C01713002855B8 /* ContentView.swift in Sources */,
				1452E3AD26C01F10002855B8 /* HeaderView.swift in Sources */,
				1452E3A926C0184B002855B8 /* Food.swift in Sources */,
				14D2A2A026C0434B00E74EAD /* HomeViewModel.swift in Sources */,
				1452E3A726C01777002855B8 /* Home.swift in Sources */,
				1452E39426C01713002855B8 /* StickyHeaderScrolllableTabsApp.swift in Sources */,
				1452E3AB26C01CF2002855B8 /* CardView.swift in Sources */,
				1452E3AF26C0281C002855B8 /* Tab.swift in Sources */,
			);
			runOnlyForDeploymentPostprocessing = 0;
		};
/* End PBXSourcesBuildPhase section */

/* Begin XCBuildConfiguration section */
		1452E39C26C01716002855B8 /* Debug */ = {
			isa = XCBuildConfiguration;
			buildSettings = {
				ALWAYS_SEARCH_USER_PATHS = NO;
				CLANG_ANALYZER_NONNULL = YES;
				CLANG_ANALYZER_NUMBER_OBJECT_CONVERSION = YES_AGGRESSIVE;
				CLANG_CXX_LANGUAGE_STANDARD = "gnu++14";
				CLANG_CXX_LIBRARY = "libc++";
				CLANG_ENABLE_MODULES = YES;
				CLANG_ENABLE_OBJC_ARC = YES;
				CLANG_ENABLE_OBJC_WEAK = YES;
				CLANG_WARN_BLOCK_CAPTURE_AUTORELEASING = YES;
				CLANG_WARN_BOOL_CONVERSION = YES;
				CLANG_WARN_COMMA = YES;
				CLANG_WARN_CONSTANT_CONVERSION = YES;
				CLANG_WARN_DEPRECATED_OBJC_IMPLEMENTATIONS = YES;
				CLANG_WARN_DIRECT_OBJC_ISA_USAGE = YES_ERROR;
				CLANG_WARN_DOCUMENTATION_COMMENTS = YES;
				CLANG_WARN_EMPTY_BODY = YES;
				CLANG_WARN_ENUM_CONVERSION = YES;
				CLANG_WARN_INFINITE_RECURSION = YES;
				CLANG_WARN_INT_CONVERSION = YES;
				CLANG_WARN_NON_LITERAL_NULL_CONVERSION = YES;
				CLANG_WARN_OBJC_IMPLICIT_RETAIN_SELF = YES;
				CLANG_WARN_OBJC_LITERAL_CONVERSION = YES;
				CLANG_WARN_OBJC_ROOT_CLASS = YES_ERROR;
				CLANG_WARN_QUOTED_INCLUDE_IN_FRAMEWORK_HEADER = YES;
				CLANG_WARN_RANGE_LOOP_ANALYSIS = YES;
				CLANG_WARN_STRICT_PROTOTYPES = YES;
				CLANG_WARN_SUSPICIOUS_MOVE = YES;
				CLANG_WARN_UNGUARDED_AVAILABILITY = YES_AGGRESSIVE;
				CLANG_WARN_UNREACHABLE_CODE = YES;
				CLANG_WARN__DUPLICATE_METHOD_MATCH = YES;
				COPY_PHASE_STRIP = NO;
				DEBUG_INFORMATION_FORMAT = dwarf;
				ENABLE_STRICT_OBJC_MSGSEND = YES;
				ENABLE_TESTABILITY = YES;
				GCC_C_LANGUAGE_STANDARD = gnu11;
				GCC_DYNAMIC_NO_PIC = NO;
				GCC_NO_COMMON_BLOCKS = YES;
				GCC_OPTIMIZATION_LEVEL = 0;
				GCC_PREPROCESSOR_DEFINITIONS = (
					"DEBUG=1",
					"$(inherited)",
				);
				GCC_WARN_64_TO_32_BIT_CONVERSION = YES;
				GCC_WARN_ABOUT_RETURN_TYPE = YES_ERROR;
				GCC_WARN_UNDECLARED_SELECTOR = YES;
				GCC_WARN_UNINITIALIZED_AUTOS = YES_AGGRESSIVE;
				GCC_WARN_UNUSED_FUNCTION = YES;
				GCC_WARN_UNUSED_VARIABLE = YES;
				IPHONEOS_DEPLOYMENT_TARGET = 15.0;
				MTL_ENABLE_DEBUG_INFO = INCLUDE_SOURCE;
				MTL_FAST_MATH = YES;
				ONLY_ACTIVE_ARCH = YES;
				SDKROOT = iphoneos;
				SWIFT_ACTIVE_COMPILATION_CONDITIONS = DEBUG;
				SWIFT_OPTIMIZATION_LEVEL = "-Onone";
			};
			name = Debug;
		};
		1452E39D26C01716002855B8 /* Release */ = {
			isa = XCBuildConfiguration;
			buildSettings = {
				ALWAYS_SEARCH_USER_PATHS = NO;
				CLANG_ANALYZER_NONNULL = YES;
				CLANG_ANALYZER_NUMBER_OBJECT_CONVERSION = YES_AGGRESSIVE;
				CLANG_CXX_LANGUAGE_STANDARD = "gnu++14";
				CLANG_CXX_LIBRARY = "libc++";
				CLANG_ENABLE_MODULES = YES;
				CLANG_ENABLE_OBJC_ARC = YES;
				CLANG_ENABLE_OBJC_WEAK = YES;
				CLANG_WARN_BLOCK_CAPTURE_AUTORELEASING = YES;
				CLANG_WARN_BOOL_CONVERSION = YES;
				CLANG_WARN_COMMA = YES;
				CLANG_WARN_CONSTANT_CONVERSION = YES;
				CLANG_WARN_DEPRECATED_OBJC_IMPLEMENTATIONS = YES;
				CLANG_WARN_DIRECT_OBJC_ISA_USAGE = YES_ERROR;
				CLANG_WARN_DOCUMENTATION_COMMENTS = YES;
				CLANG_WARN_EMPTY_BODY = YES;
				CLANG_WARN_ENUM_CONVERSION = YES;
				CLANG_WARN_INFINITE_RECURSION = YES;
				CLANG_WARN_INT_CONVERSION = YES;
				CLANG_WARN_NON_LITERAL_NULL_CONVERSION = YES;
				CLANG_WARN_OBJC_IMPLICIT_RETAIN_SELF = YES;
				CLANG_WARN_OBJC_LITERAL_CONVERSION = YES;
				CLANG_WARN_OBJC_ROOT_CLASS = YES_ERROR;
				CLANG_WARN_QUOTED_INCLUDE_IN_FRAMEWORK_HEADER = YES;
				CLANG_WARN_RANGE_LOOP_ANALYSIS = YES;
				CLANG_WARN_STRICT_PROTOTYPES = YES;
				CLANG_WARN_SUSPICIOUS_MOVE = YES;
				CLANG_WARN_UNGUARDED_AVAILABILITY = YES_AGGRESSIVE;
				CLANG_WARN_UNREACHABLE_CODE = YES;
				CLANG_WARN__DUPLICATE_METHOD_MATCH = YES;
				COPY_PHASE_STRIP = NO;
				DEBUG_INFORMATION_FORMAT = "dwarf-with-dsym";
				ENABLE_NS_ASSERTIONS = NO;
				ENABLE_STRICT_OBJC_MSGSEND = YES;
				GCC_C_LANGUAGE_STANDARD = gnu11;
				GCC_NO_COMMON_BLOCKS = YES;
				GCC_WARN_64_TO_32_BIT_CONVERSION = YES;
				GCC_WARN_ABOUT_RETURN_TYPE = YES_ERROR;
				GCC_WARN_UNDECLARED_SELECTOR = YES;
				GCC_WARN_UNINITIALIZED_AUTOS = YES_AGGRESSIVE;
				GCC_WARN_UNUSED_FUNCTION = YES;
				GCC_WARN_UNUSED_VARIABLE = YES;
				IPHONEOS_DEPLOYMENT_TARGET = 15.0;
				MTL_ENABLE_DEBUG_INFO = NO;
				MTL_FAST_MATH = YES;
				SDKROOT = iphoneos;
				SWIFT_COMPILATION_MODE = wholemodule;
				SWIFT_OPTIMIZATION_LEVEL = "-O";
				VALIDATE_PRODUCT = YES;
			};
			name = Release;
		};
		1452E39F26C01716002855B8 /* Debug */ = {
			isa = XCBuildConfiguration;
			buildSettings = {
				ASSETCATALOG_COMPILER_APPICON_NAME = AppIcon;
				ASSETCATALOG_COMPILER_GLOBAL_ACCENT_COLOR_NAME = AccentColor;
				CODE_SIGN_STYLE = Automatic;
				CURRENT_PROJECT_VERSION = 1;
				DEVELOPMENT_ASSET_PATHS = "\"StickyHeaderScrolllableTabs/Preview Content\"";
				ENABLE_PREVIEWS = YES;
				GENERATE_INFOPLIST_FILE = YES;
				INFOPLIST_KEY_UIApplicationSceneManifest_Generation = YES;
				INFOPLIST_KEY_UIApplicationSupportsIndirectInputEvents = YES;
				INFOPLIST_KEY_UILaunchScreen_Generation = YES;
				INFOPLIST_KEY_UISupportedInterfaceOrientations_iPad = "UIInterfaceOrientationPortrait UIInterfaceOrientationPortraitUpsideDown UIInterfaceOrientationLandscapeLeft UIInterfaceOrientationLandscapeRight";
				INFOPLIST_KEY_UISupportedInterfaceOrientations_iPhone = "UIInterfaceOrientationPortrait UIInterfaceOrientationLandscapeLeft UIInterfaceOrientationLandscapeRight";
				IPHONEOS_DEPLOYMENT_TARGET = 14.0;
				LD_RUNPATH_SEARCH_PATHS = (
					"$(inherited)",
					"@executable_path/Frameworks",
				);
				MARKETING_VERSION = 1.0;
				PRODUCT_BUNDLE_IDENTIFIER = com.ohumdoc.debug.StickyHeaderScrolllableTabs;
				PRODUCT_NAME = "$(TARGET_NAME)";
				SWIFT_EMIT_LOC_STRINGS = YES;
				SWIFT_VERSION = 5.0;
				TARGETED_DEVICE_FAMILY = "1,2";
			};
			name = Debug;
		};
		1452E3A026C01716002855B8 /* Release */ = {
			isa = XCBuildConfiguration;
			buildSettings = {
				ASSETCATALOG_COMPILER_APPICON_NAME = AppIcon;
				ASSETCATALOG_COMPILER_GLOBAL_ACCENT_COLOR_NAME = AccentColor;
				CODE_SIGN_STYLE = Automatic;
				CURRENT_PROJECT_VERSION = 1;
				DEVELOPMENT_ASSET_PATHS = "\"StickyHeaderScrolllableTabs/Preview Content\"";
				ENABLE_PREVIEWS = YES;
				GENERATE_INFOPLIST_FILE = YES;
				INFOPLIST_KEY_UIApplicationSceneManifest_Generation = YES;
				INFOPLIST_KEY_UIApplicationSupportsIndirectInputEvents = YES;
				INFOPLIST_KEY_UILaunchScreen_Generation = YES;
				INFOPLIST_KEY_UISupportedInterfaceOrientations_iPad = "UIInterfaceOrientationPortrait UIInterfaceOrientationPortraitUpsideDown UIInterfaceOrientationLandscapeLeft UIInterfaceOrientationLandscapeRight";
				INFOPLIST_KEY_UISupportedInterfaceOrientations_iPhone = "UIInterfaceOrientationPortrait UIInterfaceOrientationLandscapeLeft UIInterfaceOrientationLandscapeRight";
				IPHONEOS_DEPLOYMENT_TARGET = 14.0;
				LD_RUNPATH_SEARCH_PATHS = (
					"$(inherited)",
					"@executable_path/Frameworks",
				);
				MARKETING_VERSION = 1.0;
				PRODUCT_BUNDLE_IDENTIFIER = com.ohumdoc.debug.StickyHeaderScrolllableTabs;
				PRODUCT_NAME = "$(TARGET_NAME)";
				SWIFT_EMIT_LOC_STRINGS = YES;
				SWIFT_VERSION = 5.0;
				TARGETED_DEVICE_FAMILY = "1,2";
			};
			name = Release;
		};
/* End XCBuildConfiguration section */

/* Begin XCConfigurationList section */
		1452E38B26C01713002855B8 /* Build configuration list for PBXProject "StickyHeaderScrolllableTabs" */ = {
			isa = XCConfigurationList;
			buildConfigurations = (
				1452E39C26C01716002855B8 /* Debug */,
				1452E39D26C01716002855B8 /* Release */,
			);
			defaultConfigurationIsVisible = 0;
			defaultConfigurationName = Release;
		};
		1452E39E26C01716002855B8 /* Build configuration list for PBXNativeTarget "StickyHeaderScrolllableTabs" */ = {
			isa = XCConfigurationList;
			buildConfigurations = (
				1452E39F26C01716002855B8 /* Debug */,
				1452E3A026C01716002855B8 /* Release */,
			);
			defaultConfigurationIsVisible = 0;
			defaultConfigurationName = Release;
		};
/* End XCConfigurationList section */
	};
	rootObject = 1452E38826C01713002855B8 /* Project object */;
}
